PODS:
  - Flutter (1.0.0)
  - umengplus (0.0.1):
    - Flutter

DEPENDENCIES:
  - Flutter (from `Flutter`)
  - umengplus (from `.symlinks/plugins/umengplus/ios`)

EXTERNAL SOURCES:
  Flutter:
    :path: Flutter
  umengplus:
    :path: ".symlinks/plugins/umengplus/ios"

SPEC CHECKSUMS:
  Flutter: 0e3d915762c693b495b44d77113d4970485de6ec
  umengplus: 35aa393f2b0c036930b5264c6daf90249b1f49da

PODFILE CHECKSUM: 1b66dae606f75376c5f2135a8290850eeb09ae83

COCOAPODS: 1.8.4
